// !$*UTF8*$!
{
	archiveVersion = 1;
	classes = {
	};
	objectVersion = 46;
	objects = {

/* Begin PBXBuildFile section */
		32073FB417A6DCD600401C99 /* pictograms-aem-0055-laser_beam_hazard.png in Resources */ = {isa = PBXBuildFile; fileRef = 32073FB317A6DCD600401C99 /* pictograms-aem-0055-laser_beam_hazard.png */; };
		32073FBC17A6DDD300401C99 /* pictograms-aem-0021-live_electrical_wire_contact.png in Resources */ = {isa = PBXBuildFile; fileRef = 32073FBB17A6DDD300401C99 /* pictograms-aem-0021-live_electrical_wire_contact.png */; };
		32073FBE17A6DDE700401C99 /* pictograms-aem-0054-radio_frequency_electromagnetic_radiation_hazard.png in Resources */ = {isa = PBXBuildFile; fileRef = 32073FBD17A6DDE700401C99 /* pictograms-aem-0054-radio_frequency_electromagnetic_radiation_hazard.png */; };
		32073FC017A6DE0800401C99 /* pictograms-aem-0010-wear_ear_protection.png in Resources */ = {isa = PBXBuildFile; fileRef = 32073FBF17A6DE0800401C99 /* pictograms-aem-0010-wear_ear_protection.png */; };
		32073FC317A6DEBA00401C99 /* ShakingImageView.m in Sources */ = {isa = PBXBuildFile; fileRef = 32073FC217A6DEBA00401C99 /* ShakingImageView.m */; };
		32073FC517A785DA00401C99 /* CoreImage.framework in Frameworks */ = {isa = PBXBuildFile; fileRef = 32073FC417A785DA00401C99 /* CoreImage.framework */; };
		32073FC717A78C4100401C99 /* QuartzCore.framework in Frameworks */ = {isa = PBXBuildFile; fileRef = 32073FC617A78C4100401C99 /* QuartzCore.framework */; };
		32073FE617A7B66400401C99 /* AppDelegate.m in Sources */ = {isa = PBXBuildFile; fileRef = 32073FE517A7B66400401C99 /* AppDelegate.m */; };
		32073FF517A7B75400401C99 /* Localizable.strings in Resources */ = {isa = PBXBuildFile; fileRef = 32073FF317A7B75400401C99 /* Localizable.strings */; };
		32073FFB17A7D81000401C99 /* 60178__benboncan__circular-saw-crosscutting.wav in Resources */ = {isa = PBXBuildFile; fileRef = 32073FFA17A7D81000401C99 /* 60178__benboncan__circular-saw-crosscutting.wav */; };
		32073FFE17A7D81F00401C99 /* 38693__cognito-perceptu__am-band-static.wav in Resources */ = {isa = PBXBuildFile; fileRef = 32073FFC17A7D81F00401C99 /* 38693__cognito-perceptu__am-band-static.wav */; };
		32073FFF17A7D81F00401C99 /* 11153__jimpurbrick__polysixslowinglaser2.wav in Resources */ = {isa = PBXBuildFile; fileRef = 32073FFD17A7D81F00401C99 /* 11153__jimpurbrick__polysixslowinglaser2.wav */; };
		3207400117A7D8AF00401C99 /* 19487__halleck__jacobsladdersingle2.wav in Resources */ = {isa = PBXBuildFile; fileRef = 3207400017A7D8AF00401C99 /* 19487__halleck__jacobsladdersingle2.wav */; };
		3207400317A7D92800401C99 /* AVFoundation.framework in Frameworks */ = {isa = PBXBuildFile; fileRef = 3207400217A7D92800401C99 /* AVFoundation.framework */; };
		3216F66117A8F31100273580 /* BadgeView.m in Sources */ = {isa = PBXBuildFile; fileRef = 3216F66017A8F31100273580 /* BadgeView.m */; };
		32230ACD17A90EC2009DC958 /* MainViewController_iPhone.xib in Resources */ = {isa = PBXBuildFile; fileRef = 329D928517A8FABD00A9E718 /* MainViewController_iPhone.xib */; };
		3254B7C2179D666E009096C1 /* MaakCafeLogoView.m in Sources */ = {isa = PBXBuildFile; fileRef = 3254B7C1179D666E009096C1 /* MaakCafeLogoView.m */; };
		3254B7CB179D8667009096C1 /* Licenses.txt in Resources */ = {isa = PBXBuildFile; fileRef = 3254B7CA179D8667009096C1 /* Licenses.txt */; };
		3254B7D4179D8961009096C1 /* os-logo.png in Resources */ = {isa = PBXBuildFile; fileRef = 3254B7D3179D8961009096C1 /* os-logo.png */; };
		3254B7D7179D8A04009096C1 /* AboutViewController.m in Sources */ = {isa = PBXBuildFile; fileRef = 3254B7D6179D896D009096C1 /* AboutViewController.m */; };
		3254B7DD179DC248009096C1 /* CFNetwork.framework in Frameworks */ = {isa = PBXBuildFile; fileRef = 3254B7DC179DC248009096C1 /* CFNetwork.framework */; };
		3254B7DF179DC25D009096C1 /* AudioToolbox.framework in Frameworks */ = {isa = PBXBuildFile; fileRef = 3254B7DE179DC25D009096C1 /* AudioToolbox.framework */; };
		3254B7E1179DC273009096C1 /* Security.framework in Frameworks */ = {isa = PBXBuildFile; fileRef = 3254B7E0179DC273009096C1 /* Security.framework */; };
		3254B7E3179DC28A009096C1 /* CoreLocation.framework in Frameworks */ = {isa = PBXBuildFile; fileRef = 3254B7E2179DC28A009096C1 /* CoreLocation.framework */; };
		3254B7E5179DC2A8009096C1 /* MobileCoreServices.framework in Frameworks */ = {isa = PBXBuildFile; fileRef = 3254B7E4179DC2A8009096C1 /* MobileCoreServices.framework */; };
		3254B7E7179DC2C1009096C1 /* SystemConfiguration.framework in Frameworks */ = {isa = PBXBuildFile; fileRef = 3254B7E6179DC2C1009096C1 /* SystemConfiguration.framework */; };
		3254B7E9179E7E2F009096C1 /* Creaking Door Spooky-SoundBible.com-1909842345.wav in Resources */ = {isa = PBXBuildFile; fileRef = 3254B7E8179E7E2F009096C1 /* Creaking Door Spooky-SoundBible.com-1909842345.wav */; };
		328C011B179D3F3900D72B3D /* UIKit.framework in Frameworks */ = {isa = PBXBuildFile; fileRef = 328C011A179D3F3900D72B3D /* UIKit.framework */; };
		328C011D179D3F3900D72B3D /* Foundation.framework in Frameworks */ = {isa = PBXBuildFile; fileRef = 328C011C179D3F3900D72B3D /* Foundation.framework */; };
		328C011F179D3F3900D72B3D /* CoreGraphics.framework in Frameworks */ = {isa = PBXBuildFile; fileRef = 328C011E179D3F3900D72B3D /* CoreGraphics.framework */; };
		328C0125179D3F3900D72B3D /* InfoPlist.strings in Resources */ = {isa = PBXBuildFile; fileRef = 328C0123179D3F3900D72B3D /* InfoPlist.strings */; };
		328C0127179D3F3900D72B3D /* main.m in Sources */ = {isa = PBXBuildFile; fileRef = 328C0126179D3F3900D72B3D /* main.m */; };
		328C012D179D3F3900D72B3D /* Default.png in Resources */ = {isa = PBXBuildFile; fileRef = 328C012C179D3F3900D72B3D /* Default.png */; };
		328C012F179D3F3900D72B3D /* Default@2x.png in Resources */ = {isa = PBXBuildFile; fileRef = 328C012E179D3F3900D72B3D /* Default@2x.png */; };
		328C0131179D3F3900D72B3D /* Default-568h@2x.png in Resources */ = {isa = PBXBuildFile; fileRef = 328C0130179D3F3900D72B3D /* Default-568h@2x.png */; };
		328C0134179D3F3A00D72B3D /* MainViewController.m in Sources */ = {isa = PBXBuildFile; fileRef = 328C0133179D3F3A00D72B3D /* MainViewController.m */; };
		328C0137179D3F3A00D72B3D /* FlipsideViewController.m in Sources */ = {isa = PBXBuildFile; fileRef = 328C0136179D3F3A00D72B3D /* FlipsideViewController.m */; };
		329D928E17A8FABD00A9E718 /* MainViewController_iPad.xib in Resources */ = {isa = PBXBuildFile; fileRef = 329D928717A8FABD00A9E718 /* MainViewController_iPad.xib */; };
		329D928F17A8FABD00A9E718 /* FlipsideViewController.xib in Resources */ = {isa = PBXBuildFile; fileRef = 329D928917A8FABD00A9E718 /* FlipsideViewController.xib */; };
		329D929017A8FABD00A9E718 /* AboutViewController.xib in Resources */ = {isa = PBXBuildFile; fileRef = 329D928B17A8FABD00A9E718 /* AboutViewController.xib */; };
/* End PBXBuildFile section */

/* Begin PBXFileReference section */
		32073FB117A269A200401C99 /* logo.pcvd */ = {isa = PBXFileReference; lastKnownFileType = file.bplist; name = logo.pcvd; path = MaakCafeLeiden/logo.pcvd; sourceTree = "<group>"; };
		32073FB317A6DCD600401C99 /* pictograms-aem-0055-laser_beam_hazard.png */ = {isa = PBXFileReference; lastKnownFileType = image.png; path = "pictograms-aem-0055-laser_beam_hazard.png"; sourceTree = "<group>"; };
		32073FBB17A6DDD300401C99 /* pictograms-aem-0021-live_electrical_wire_contact.png */ = {isa = PBXFileReference; lastKnownFileType = image.png; path = "pictograms-aem-0021-live_electrical_wire_contact.png"; sourceTree = "<group>"; };
		32073FBD17A6DDE700401C99 /* pictograms-aem-0054-radio_frequency_electromagnetic_radiation_hazard.png */ = {isa = PBXFileReference; lastKnownFileType = image.png; path = "pictograms-aem-0054-radio_frequency_electromagnetic_radiation_hazard.png"; sourceTree = "<group>"; };
		32073FBF17A6DE0800401C99 /* pictograms-aem-0010-wear_ear_protection.png */ = {isa = PBXFileReference; lastKnownFileType = image.png; path = "pictograms-aem-0010-wear_ear_protection.png"; sourceTree = "<group>"; };
		32073FC117A6DEBA00401C99 /* ShakingImageView.h */ = {isa = PBXFileReference; fileEncoding = 4; lastKnownFileType = sourcecode.c.h; name = ShakingImageView.h; path = MaakCafeLeiden/ShakingImageView.h; sourceTree = "<group>"; };
		32073FC217A6DEBA00401C99 /* ShakingImageView.m */ = {isa = PBXFileReference; fileEncoding = 4; lastKnownFileType = sourcecode.c.objc; name = ShakingImageView.m; path = MaakCafeLeiden/ShakingImageView.m; sourceTree = "<group>"; };
		32073FC417A785DA00401C99 /* CoreImage.framework */ = {isa = PBXFileReference; lastKnownFileType = wrapper.framework; name = CoreImage.framework; path = System/Library/Frameworks/CoreImage.framework; sourceTree = SDKROOT; };
		32073FC617A78C4100401C99 /* QuartzCore.framework */ = {isa = PBXFileReference; lastKnownFileType = wrapper.framework; name = QuartzCore.framework; path = System/Library/Frameworks/QuartzCore.framework; sourceTree = SDKROOT; };
		32073FE517A7B66400401C99 /* AppDelegate.m */ = {isa = PBXFileReference; fileEncoding = 4; lastKnownFileType = sourcecode.c.objc; path = AppDelegate.m; sourceTree = "<group>"; };
		32073FF217A7B70200401C99 /* nl */ = {isa = PBXFileReference; lastKnownFileType = text.plist.strings; name = nl; path = nl.lproj/InfoPlist.strings; sourceTree = "<group>"; };
		32073FF417A7B75400401C99 /* en */ = {isa = PBXFileReference; lastKnownFileType = text.plist.strings; name = en; path = en.lproj/Localizable.strings; sourceTree = "<group>"; };
		32073FF617A7B75900401C99 /* nl */ = {isa = PBXFileReference; lastKnownFileType = text.plist.strings; name = nl; path = nl.lproj/Localizable.strings; sourceTree = "<group>"; };
		32073FFA17A7D81000401C99 /* 60178__benboncan__circular-saw-crosscutting.wav */ = {isa = PBXFileReference; lastKnownFileType = audio.wav; path = "60178__benboncan__circular-saw-crosscutting.wav"; sourceTree = "<group>"; };
		32073FFC17A7D81F00401C99 /* 38693__cognito-perceptu__am-band-static.wav */ = {isa = PBXFileReference; lastKnownFileType = audio.wav; path = "38693__cognito-perceptu__am-band-static.wav"; sourceTree = "<group>"; };
		32073FFD17A7D81F00401C99 /* 11153__jimpurbrick__polysixslowinglaser2.wav */ = {isa = PBXFileReference; lastKnownFileType = audio.wav; path = 11153__jimpurbrick__polysixslowinglaser2.wav; sourceTree = "<group>"; };
		3207400017A7D8AF00401C99 /* 19487__halleck__jacobsladdersingle2.wav */ = {isa = PBXFileReference; lastKnownFileType = audio.wav; path = 19487__halleck__jacobsladdersingle2.wav; sourceTree = "<group>"; };
		3207400217A7D92800401C99 /* AVFoundation.framework */ = {isa = PBXFileReference; lastKnownFileType = wrapper.framework; name = AVFoundation.framework; path = System/Library/Frameworks/AVFoundation.framework; sourceTree = SDKROOT; };
		3216F65F17A8F31100273580 /* BadgeView.h */ = {isa = PBXFileReference; fileEncoding = 4; lastKnownFileType = sourcecode.c.h; name = BadgeView.h; path = MaakCafeLeiden/BadgeView.h; sourceTree = "<group>"; };
		3216F66017A8F31100273580 /* BadgeView.m */ = {isa = PBXFileReference; fileEncoding = 4; lastKnownFileType = sourcecode.c.objc; name = BadgeView.m; path = MaakCafeLeiden/BadgeView.m; sourceTree = "<group>"; };
		32230ACE17A90F49009DC958 /* nl */ = {isa = PBXFileReference; lastKnownFileType = file.xib; name = nl; path = nl.lproj/MainViewController_iPhone.xib; sourceTree = "<group>"; };
		32230ACF17A90F49009DC958 /* en */ = {isa = PBXFileReference; lastKnownFileType = file.xib; name = en; path = en.lproj/MainViewController_iPhone.xib; sourceTree = "<group>"; };
		32230AD017A90F62009DC958 /* nl */ = {isa = PBXFileReference; lastKnownFileType = file.xib; name = nl; path = nl.lproj/MainViewController_iPad.xib; sourceTree = "<group>"; };
		32230AD117A90F62009DC958 /* en */ = {isa = PBXFileReference; lastKnownFileType = file.xib; name = en; path = en.lproj/MainViewController_iPad.xib; sourceTree = "<group>"; };
		32230AD217A90F71009DC958 /* nl */ = {isa = PBXFileReference; lastKnownFileType = file.xib; name = nl; path = nl.lproj/FlipsideViewController.xib; sourceTree = "<group>"; };
		32230AD317A90F71009DC958 /* en */ = {isa = PBXFileReference; lastKnownFileType = file.xib; name = en; path = en.lproj/FlipsideViewController.xib; sourceTree = "<group>"; };
		32230AD417A90F81009DC958 /* nl */ = {isa = PBXFileReference; lastKnownFileType = file.xib; name = nl; path = nl.lproj/AboutViewController.xib; sourceTree = "<group>"; };
		32230AD517A90F81009DC958 /* en */ = {isa = PBXFileReference; lastKnownFileType = file.xib; name = en; path = en.lproj/AboutViewController.xib; sourceTree = "<group>"; };
		3254B7C0179D666E009096C1 /* MaakCafeLogoView.h */ = {isa = PBXFileReference; fileEncoding = 4; lastKnownFileType = sourcecode.c.h; name = MaakCafeLogoView.h; path = MaakCafeLeiden/MaakCafeLogoView.h; sourceTree = "<group>"; };
		3254B7C1179D666E009096C1 /* MaakCafeLogoView.m */ = {isa = PBXFileReference; fileEncoding = 4; lastKnownFileType = sourcecode.c.objc; name = MaakCafeLogoView.m; path = MaakCafeLeiden/MaakCafeLogoView.m; sourceTree = "<group>"; };
		3254B7CA179D8667009096C1 /* Licenses.txt */ = {isa = PBXFileReference; fileEncoding = 4; lastKnownFileType = text; path = Licenses.txt; sourceTree = "<group>"; };
		3254B7D3179D8961009096C1 /* os-logo.png */ = {isa = PBXFileReference; lastKnownFileType = image.png; path = "os-logo.png"; sourceTree = "<group>"; };
		3254B7D5179D896D009096C1 /* AboutViewController.h */ = {isa = PBXFileReference; lastKnownFileType = sourcecode.c.h; path = AboutViewController.h; sourceTree = "<group>"; };
		3254B7D6179D896D009096C1 /* AboutViewController.m */ = {isa = PBXFileReference; lastKnownFileType = sourcecode.c.objc; path = AboutViewController.m; sourceTree = "<group>"; };
		3254B7DC179DC248009096C1 /* CFNetwork.framework */ = {isa = PBXFileReference; lastKnownFileType = wrapper.framework; name = CFNetwork.framework; path = System/Library/Frameworks/CFNetwork.framework; sourceTree = SDKROOT; };
		3254B7DE179DC25D009096C1 /* AudioToolbox.framework */ = {isa = PBXFileReference; lastKnownFileType = wrapper.framework; name = AudioToolbox.framework; path = System/Library/Frameworks/AudioToolbox.framework; sourceTree = SDKROOT; };
		3254B7E0179DC273009096C1 /* Security.framework */ = {isa = PBXFileReference; lastKnownFileType = wrapper.framework; name = Security.framework; path = System/Library/Frameworks/Security.framework; sourceTree = SDKROOT; };
		3254B7E2179DC28A009096C1 /* CoreLocation.framework */ = {isa = PBXFileReference; lastKnownFileType = wrapper.framework; name = CoreLocation.framework; path = System/Library/Frameworks/CoreLocation.framework; sourceTree = SDKROOT; };
		3254B7E4179DC2A8009096C1 /* MobileCoreServices.framework */ = {isa = PBXFileReference; lastKnownFileType = wrapper.framework; name = MobileCoreServices.framework; path = System/Library/Frameworks/MobileCoreServices.framework; sourceTree = SDKROOT; };
		3254B7E6179DC2C1009096C1 /* SystemConfiguration.framework */ = {isa = PBXFileReference; lastKnownFileType = wrapper.framework; name = SystemConfiguration.framework; path = System/Library/Frameworks/SystemConfiguration.framework; sourceTree = SDKROOT; };
		3254B7E8179E7E2F009096C1 /* Creaking Door Spooky-SoundBible.com-1909842345.wav */ = {isa = PBXFileReference; lastKnownFileType = audio.wav; path = "Creaking Door Spooky-SoundBible.com-1909842345.wav"; sourceTree = "<group>"; };
		328C0117179D3F3900D72B3D /* MaakCafeLeiden.app */ = {isa = PBXFileReference; explicitFileType = wrapper.application; includeInIndex = 0; path = MaakCafeLeiden.app; sourceTree = BUILT_PRODUCTS_DIR; };
		328C011A179D3F3900D72B3D /* UIKit.framework */ = {isa = PBXFileReference; lastKnownFileType = wrapper.framework; name = UIKit.framework; path = System/Library/Frameworks/UIKit.framework; sourceTree = SDKROOT; };
		328C011C179D3F3900D72B3D /* Foundation.framework */ = {isa = PBXFileReference; lastKnownFileType = wrapper.framework; name = Foundation.framework; path = System/Library/Frameworks/Foundation.framework; sourceTree = SDKROOT; };
		328C011E179D3F3900D72B3D /* CoreGraphics.framework */ = {isa = PBXFileReference; lastKnownFileType = wrapper.framework; name = CoreGraphics.framework; path = System/Library/Frameworks/CoreGraphics.framework; sourceTree = SDKROOT; };
		328C0122179D3F3900D72B3D /* MaakCafeLeiden-Info.plist */ = {isa = PBXFileReference; lastKnownFileType = text.plist.xml; path = "MaakCafeLeiden-Info.plist"; sourceTree = "<group>"; };
		328C0124179D3F3900D72B3D /* en */ = {isa = PBXFileReference; lastKnownFileType = text.plist.strings; name = en; path = en.lproj/InfoPlist.strings; sourceTree = "<group>"; };
		328C0126179D3F3900D72B3D /* main.m */ = {isa = PBXFileReference; lastKnownFileType = sourcecode.c.objc; path = main.m; sourceTree = "<group>"; };
		328C0128179D3F3900D72B3D /* MaakCafeLeiden-Prefix.pch */ = {isa = PBXFileReference; lastKnownFileType = sourcecode.c.h; path = "MaakCafeLeiden-Prefix.pch"; sourceTree = "<group>"; };
		328C0129179D3F3900D72B3D /* AppDelegate.h */ = {isa = PBXFileReference; lastKnownFileType = sourcecode.c.h; path = AppDelegate.h; sourceTree = "<group>"; };
		328C012C179D3F3900D72B3D /* Default.png */ = {isa = PBXFileReference; lastKnownFileType = image.png; path = Default.png; sourceTree = "<group>"; };
		328C012E179D3F3900D72B3D /* Default@2x.png */ = {isa = PBXFileReference; lastKnownFileType = image.png; path = "Default@2x.png"; sourceTree = "<group>"; };
		328C0130179D3F3900D72B3D /* Default-568h@2x.png */ = {isa = PBXFileReference; lastKnownFileType = image.png; path = "Default-568h@2x.png"; sourceTree = "<group>"; };
		328C0132179D3F3900D72B3D /* MainViewController.h */ = {isa = PBXFileReference; lastKnownFileType = sourcecode.c.h; path = MainViewController.h; sourceTree = "<group>"; };
		328C0133179D3F3A00D72B3D /* MainViewController.m */ = {isa = PBXFileReference; lastKnownFileType = sourcecode.c.objc; path = MainViewController.m; sourceTree = "<group>"; };
		328C0135179D3F3A00D72B3D /* FlipsideViewController.h */ = {isa = PBXFileReference; lastKnownFileType = sourcecode.c.h; path = FlipsideViewController.h; sourceTree = "<group>"; };
		328C0136179D3F3A00D72B3D /* FlipsideViewController.m */ = {isa = PBXFileReference; lastKnownFileType = sourcecode.c.objc; path = FlipsideViewController.m; sourceTree = "<group>"; };
/* End PBXFileReference section */

/* Begin PBXFrameworksBuildPhase section */
		328C0114179D3F3900D72B3D /* Frameworks */ = {
			isa = PBXFrameworksBuildPhase;
			buildActionMask = 2147483647;
			files = (
				3207400317A7D92800401C99 /* AVFoundation.framework in Frameworks */,
				32073FC717A78C4100401C99 /* QuartzCore.framework in Frameworks */,
				32073FC517A785DA00401C99 /* CoreImage.framework in Frameworks */,
				3254B7E7179DC2C1009096C1 /* SystemConfiguration.framework in Frameworks */,
				3254B7E5179DC2A8009096C1 /* MobileCoreServices.framework in Frameworks */,
				3254B7E3179DC28A009096C1 /* CoreLocation.framework in Frameworks */,
				3254B7E1179DC273009096C1 /* Security.framework in Frameworks */,
				3254B7DF179DC25D009096C1 /* AudioToolbox.framework in Frameworks */,
				3254B7DD179DC248009096C1 /* CFNetwork.framework in Frameworks */,
				328C011B179D3F3900D72B3D /* UIKit.framework in Frameworks */,
				328C011D179D3F3900D72B3D /* Foundation.framework in Frameworks */,
				328C011F179D3F3900D72B3D /* CoreGraphics.framework in Frameworks */,
			);
			runOnlyForDeploymentPostprocessing = 0;
		};
/* End PBXFrameworksBuildPhase section */

/* Begin PBXGroup section */
		32073FB017A2699100401C99 /* Furniture */ = {
			isa = PBXGroup;
			children = (
				32073FB117A269A200401C99 /* logo.pcvd */,
			);
			name = Furniture;
			sourceTree = "<group>";
		};
		32073FC817A7AB5B00401C99 /* EyeCandy */ = {
			isa = PBXGroup;
			children = (
				3254B7C0179D666E009096C1 /* MaakCafeLogoView.h */,
				3254B7C1179D666E009096C1 /* MaakCafeLogoView.m */,
				32073FC117A6DEBA00401C99 /* ShakingImageView.h */,
				32073FC217A6DEBA00401C99 /* ShakingImageView.m */,
				3216F65F17A8F31100273580 /* BadgeView.h */,
				3216F66017A8F31100273580 /* BadgeView.m */,
			);
			name = EyeCandy;
			sourceTree = "<group>";
		};
		32073FF917A7D75800401C99 /* Icons and sounds */ = {
			isa = PBXGroup;
			children = (
				3254B7E8179E7E2F009096C1 /* Creaking Door Spooky-SoundBible.com-1909842345.wav */,
				3207400017A7D8AF00401C99 /* 19487__halleck__jacobsladdersingle2.wav */,
				32073FFA17A7D81000401C99 /* 60178__benboncan__circular-saw-crosscutting.wav */,
				32073FFC17A7D81F00401C99 /* 38693__cognito-perceptu__am-band-static.wav */,
				32073FFD17A7D81F00401C99 /* 11153__jimpurbrick__polysixslowinglaser2.wav */,
				32073FBF17A6DE0800401C99 /* pictograms-aem-0010-wear_ear_protection.png */,
				32073FBD17A6DDE700401C99 /* pictograms-aem-0054-radio_frequency_electromagnetic_radiation_hazard.png */,
				32073FBB17A6DDD300401C99 /* pictograms-aem-0021-live_electrical_wire_contact.png */,
				32073FB317A6DCD600401C99 /* pictograms-aem-0055-laser_beam_hazard.png */,
			);
			name = "Icons and sounds";
			sourceTree = "<group>";
		};
		328C010E179D3F3900D72B3D = {
			isa = PBXGroup;
			children = (
				32073FB017A2699100401C99 /* Furniture */,
				32073FC817A7AB5B00401C99 /* EyeCandy */,
				328C0120179D3F3900D72B3D /* MaakCafeLeiden */,
				328C0121179D3F3900D72B3D /* Supporting Files */,
				328C0119179D3F3900D72B3D /* Frameworks */,
				328C0118179D3F3900D72B3D /* Products */,
			);
			sourceTree = "<group>";
		};
		328C0118179D3F3900D72B3D /* Products */ = {
			isa = PBXGroup;
			children = (
				328C0117179D3F3900D72B3D /* MaakCafeLeiden.app */,
			);
			name = Products;
			sourceTree = "<group>";
		};
		328C0119179D3F3900D72B3D /* Frameworks */ = {
			isa = PBXGroup;
			children = (
				3207400217A7D92800401C99 /* AVFoundation.framework */,
				32073FC617A78C4100401C99 /* QuartzCore.framework */,
				32073FC417A785DA00401C99 /* CoreImage.framework */,
				3254B7E6179DC2C1009096C1 /* SystemConfiguration.framework */,
				3254B7E4179DC2A8009096C1 /* MobileCoreServices.framework */,
				3254B7E2179DC28A009096C1 /* CoreLocation.framework */,
				3254B7E0179DC273009096C1 /* Security.framework */,
				3254B7DE179DC25D009096C1 /* AudioToolbox.framework */,
				3254B7DC179DC248009096C1 /* CFNetwork.framework */,
				328C011A179D3F3900D72B3D /* UIKit.framework */,
				328C011C179D3F3900D72B3D /* Foundation.framework */,
				328C011E179D3F3900D72B3D /* CoreGraphics.framework */,
			);
			name = Frameworks;
			sourceTree = "<group>";
		};
		328C0120179D3F3900D72B3D /* MaakCafeLeiden */ = {
			isa = PBXGroup;
			children = (
				328C0129179D3F3900D72B3D /* AppDelegate.h */,
				32073FE517A7B66400401C99 /* AppDelegate.m */,
				328C0132179D3F3900D72B3D /* MainViewController.h */,
				328C0133179D3F3A00D72B3D /* MainViewController.m */,
				328C0135179D3F3A00D72B3D /* FlipsideViewController.h */,
				328C0136179D3F3A00D72B3D /* FlipsideViewController.m */,
				3254B7D5179D896D009096C1 /* AboutViewController.h */,
				3254B7D6179D896D009096C1 /* AboutViewController.m */,
				32A65835179EB5700095C856 /* NIBs */,
			);
			path = MaakCafeLeiden;
			sourceTree = "<group>";
		};
		328C0121179D3F3900D72B3D /* Supporting Files */ = {
			isa = PBXGroup;
			children = (
				32073FF917A7D75800401C99 /* Icons and sounds */,
				32073FF317A7B75400401C99 /* Localizable.strings */,
				3254B7D3179D8961009096C1 /* os-logo.png */,
				328C0122179D3F3900D72B3D /* MaakCafeLeiden-Info.plist */,
				328C0123179D3F3900D72B3D /* InfoPlist.strings */,
				328C0126179D3F3900D72B3D /* main.m */,
				328C0128179D3F3900D72B3D /* MaakCafeLeiden-Prefix.pch */,
				328C012C179D3F3900D72B3D /* Default.png */,
				328C012E179D3F3900D72B3D /* Default@2x.png */,
				328C0130179D3F3900D72B3D /* Default-568h@2x.png */,
				3254B7CA179D8667009096C1 /* Licenses.txt */,
			);
			name = "Supporting Files";
			path = MaakCafeLeiden;
			sourceTree = "<group>";
		};
		32A65835179EB5700095C856 /* NIBs */ = {
			isa = PBXGroup;
			children = (
				329D928517A8FABD00A9E718 /* MainViewController_iPhone.xib */,
				329D928717A8FABD00A9E718 /* MainViewController_iPad.xib */,
				329D928917A8FABD00A9E718 /* FlipsideViewController.xib */,
				329D928B17A8FABD00A9E718 /* AboutViewController.xib */,
			);
			name = NIBs;
			sourceTree = "<group>";
		};
/* End PBXGroup section */

/* Begin PBXNativeTarget section */
		328C0116179D3F3900D72B3D /* MaakCafeLeiden */ = {
			isa = PBXNativeTarget;
			buildConfigurationList = 328C0143179D3F3A00D72B3D /* Build configuration list for PBXNativeTarget "MaakCafeLeiden" */;
			buildPhases = (
				328C0113179D3F3900D72B3D /* Sources */,
				328C0114179D3F3900D72B3D /* Frameworks */,
				328C0115179D3F3900D72B3D /* Resources */,
			);
			buildRules = (
			);
			dependencies = (
			);
			name = MaakCafeLeiden;
			productName = MaakCafeLeiden;
			productReference = 328C0117179D3F3900D72B3D /* MaakCafeLeiden.app */;
			productType = "com.apple.product-type.application";
		};
/* End PBXNativeTarget section */

/* Begin PBXProject section */
		328C010F179D3F3900D72B3D /* Project object */ = {
			isa = PBXProject;
			attributes = {
				LastUpgradeCheck = 0460;
				ORGANIZATIONNAME = "Dirk-Willem van Gulik";
			};
			buildConfigurationList = 328C0112179D3F3900D72B3D /* Build configuration list for PBXProject "MaakCafeLeiden" */;
			compatibilityVersion = "Xcode 3.2";
			developmentRegion = English;
			hasScannedForEncodings = 0;
			knownRegions = (
				en,
				Base,
				nl,
			);
			mainGroup = 328C010E179D3F3900D72B3D;
			productRefGroup = 328C0118179D3F3900D72B3D /* Products */;
			projectDirPath = "";
			projectRoot = "";
			targets = (
				328C0116179D3F3900D72B3D /* MaakCafeLeiden */,
			);
		};
/* End PBXProject section */

/* Begin PBXResourcesBuildPhase section */
		328C0115179D3F3900D72B3D /* Resources */ = {
			isa = PBXResourcesBuildPhase;
			buildActionMask = 2147483647;
			files = (
				328C0125179D3F3900D72B3D /* InfoPlist.strings in Resources */,
				328C012D179D3F3900D72B3D /* Default.png in Resources */,
				328C012F179D3F3900D72B3D /* Default@2x.png in Resources */,
				328C0131179D3F3900D72B3D /* Default-568h@2x.png in Resources */,
				3254B7CB179D8667009096C1 /* Licenses.txt in Resources */,
				3254B7D4179D8961009096C1 /* os-logo.png in Resources */,
				3254B7E9179E7E2F009096C1 /* Creaking Door Spooky-SoundBible.com-1909842345.wav in Resources */,
				32073FB417A6DCD600401C99 /* pictograms-aem-0055-laser_beam_hazard.png in Resources */,
				32073FBC17A6DDD300401C99 /* pictograms-aem-0021-live_electrical_wire_contact.png in Resources */,
				32073FBE17A6DDE700401C99 /* pictograms-aem-0054-radio_frequency_electromagnetic_radiation_hazard.png in Resources */,
				32073FC017A6DE0800401C99 /* pictograms-aem-0010-wear_ear_protection.png in Resources */,
				32073FF517A7B75400401C99 /* Localizable.strings in Resources */,
				32073FFB17A7D81000401C99 /* 60178__benboncan__circular-saw-crosscutting.wav in Resources */,
				32073FFE17A7D81F00401C99 /* 38693__cognito-perceptu__am-band-static.wav in Resources */,
				32073FFF17A7D81F00401C99 /* 11153__jimpurbrick__polysixslowinglaser2.wav in Resources */,
				3207400117A7D8AF00401C99 /* 19487__halleck__jacobsladdersingle2.wav in Resources */,
				329D928E17A8FABD00A9E718 /* MainViewController_iPad.xib in Resources */,
				329D928F17A8FABD00A9E718 /* FlipsideViewController.xib in Resources */,
				329D929017A8FABD00A9E718 /* AboutViewController.xib in Resources */,
				32230ACD17A90EC2009DC958 /* MainViewController_iPhone.xib in Resources */,
			);
			runOnlyForDeploymentPostprocessing = 0;
		};
/* End PBXResourcesBuildPhase section */

/* Begin PBXSourcesBuildPhase section */
		328C0113179D3F3900D72B3D /* Sources */ = {
			isa = PBXSourcesBuildPhase;
			buildActionMask = 2147483647;
			files = (
				328C0127179D3F3900D72B3D /* main.m in Sources */,
				328C0134179D3F3A00D72B3D /* MainViewController.m in Sources */,
				328C0137179D3F3A00D72B3D /* FlipsideViewController.m in Sources */,
				3254B7C2179D666E009096C1 /* MaakCafeLogoView.m in Sources */,
				3254B7D7179D8A04009096C1 /* AboutViewController.m in Sources */,
				32073FC317A6DEBA00401C99 /* ShakingImageView.m in Sources */,
				32073FE617A7B66400401C99 /* AppDelegate.m in Sources */,
				3216F66117A8F31100273580 /* BadgeView.m in Sources */,
			);
			runOnlyForDeploymentPostprocessing = 0;
		};
/* End PBXSourcesBuildPhase section */

/* Begin PBXVariantGroup section */
		32073FF317A7B75400401C99 /* Localizable.strings */ = {
			isa = PBXVariantGroup;
			children = (
				32073FF417A7B75400401C99 /* en */,
				32073FF617A7B75900401C99 /* nl */,
			);
			name = Localizable.strings;
			sourceTree = "<group>";
		};
		328C0123179D3F3900D72B3D /* InfoPlist.strings */ = {
			isa = PBXVariantGroup;
			children = (
				328C0124179D3F3900D72B3D /* en */,
				32073FF217A7B70200401C99 /* nl */,
			);
			name = InfoPlist.strings;
			sourceTree = "<group>";
		};
		329D928517A8FABD00A9E718 /* MainViewController_iPhone.xib */ = {
			isa = PBXVariantGroup;
			children = (
				32230ACE17A90F49009DC958 /* nl */,
				32230ACF17A90F49009DC958 /* en */,
			);
			name = MainViewController_iPhone.xib;
			sourceTree = "<group>";
		};
		329D928717A8FABD00A9E718 /* MainViewController_iPad.xib */ = {
			isa = PBXVariantGroup;
			children = (
				32230AD017A90F62009DC958 /* nl */,
				32230AD117A90F62009DC958 /* en */,
			);
			name = MainViewController_iPad.xib;
			sourceTree = "<group>";
		};
		329D928917A8FABD00A9E718 /* FlipsideViewController.xib */ = {
			isa = PBXVariantGroup;
			children = (
				32230AD217A90F71009DC958 /* nl */,
				32230AD317A90F71009DC958 /* en */,
			);
			name = FlipsideViewController.xib;
			sourceTree = "<group>";
		};
		329D928B17A8FABD00A9E718 /* AboutViewController.xib */ = {
			isa = PBXVariantGroup;
			children = (
				32230AD417A90F81009DC958 /* nl */,
				32230AD517A90F81009DC958 /* en */,
			);
			name = AboutViewController.xib;
			sourceTree = "<group>";
		};
/* End PBXVariantGroup section */

/* Begin XCBuildConfiguration section */
		328C0141179D3F3A00D72B3D /* Debug */ = {
			isa = XCBuildConfiguration;
			buildSettings = {
				ALWAYS_SEARCH_USER_PATHS = NO;
				CLANG_CXX_LANGUAGE_STANDARD = "gnu++0x";
				CLANG_CXX_LIBRARY = "libc++";
				CLANG_ENABLE_OBJC_ARC = YES;
				CLANG_WARN_CONSTANT_CONVERSION = YES;
				CLANG_WARN_EMPTY_BODY = YES;
				CLANG_WARN_ENUM_CONVERSION = YES;
				CLANG_WARN_INT_CONVERSION = YES;
				CLANG_WARN__DUPLICATE_METHOD_MATCH = YES;
				"CODE_SIGN_IDENTITY[sdk=iphoneos*]" = "iPhone Developer";
				COPY_PHASE_STRIP = NO;
				GCC_C_LANGUAGE_STANDARD = gnu99;
				GCC_DYNAMIC_NO_PIC = NO;
				GCC_OPTIMIZATION_LEVEL = 0;
				GCC_PREPROCESSOR_DEFINITIONS = (
					"DEBUG=1",
					"$(inherited)",
				);
				GCC_SYMBOLS_PRIVATE_EXTERN = NO;
				GCC_WARN_ABOUT_RETURN_TYPE = YES;
				GCC_WARN_UNINITIALIZED_AUTOS = YES;
				GCC_WARN_UNUSED_VARIABLE = YES;
				IPHONEOS_DEPLOYMENT_TARGET = 6.1;
				ONLY_ACTIVE_ARCH = YES;
				SDKROOT = iphoneos;
				TARGETED_DEVICE_FAMILY = "1,2";
			};
			name = Debug;
		};
		328C0142179D3F3A00D72B3D /* Release */ = {
			isa = XCBuildConfiguration;
			buildSettings = {
				ALWAYS_SEARCH_USER_PATHS = NO;
				CLANG_CXX_LANGUAGE_STANDARD = "gnu++0x";
				CLANG_CXX_LIBRARY = "libc++";
				CLANG_ENABLE_OBJC_ARC = YES;
				CLANG_WARN_CONSTANT_CONVERSION = YES;
				CLANG_WARN_EMPTY_BODY = YES;
				CLANG_WARN_ENUM_CONVERSION = YES;
				CLANG_WARN_INT_CONVERSION = YES;
				CLANG_WARN__DUPLICATE_METHOD_MATCH = YES;
				"CODE_SIGN_IDENTITY[sdk=iphoneos*]" = "iPhone Developer";
				COPY_PHASE_STRIP = YES;
				GCC_C_LANGUAGE_STANDARD = gnu99;
				GCC_WARN_ABOUT_RETURN_TYPE = YES;
				GCC_WARN_UNINITIALIZED_AUTOS = YES;
				GCC_WARN_UNUSED_VARIABLE = YES;
				IPHONEOS_DEPLOYMENT_TARGET = 6.1;
				OTHER_CFLAGS = "-DNS_BLOCK_ASSERTIONS=1";
				SDKROOT = iphoneos;
				TARGETED_DEVICE_FAMILY = "1,2";
				VALIDATE_PRODUCT = YES;
			};
			name = Release;
		};
		328C0144179D3F3A00D72B3D /* Debug */ = {
			isa = XCBuildConfiguration;
			buildSettings = {
				FRAMEWORK_SEARCH_PATHS = (
					"$(inherited)",
					"\"$(SRCROOT)\"",
				);
				GCC_PRECOMPILE_PREFIX_HEADER = YES;
				GCC_PREFIX_HEADER = "MaakCafeLeiden/MaakCafeLeiden-Prefix.pch";
				INFOPLIST_FILE = "MaakCafeLeiden/MaakCafeLeiden-Info.plist";
				IPHONEOS_DEPLOYMENT_TARGET = 5.1;
				PRODUCT_NAME = "$(TARGET_NAME)";
				WRAPPER_EXTENSION = app;
			};
			name = Debug;
		};
		328C0145179D3F3A00D72B3D /* Release */ = {
			isa = XCBuildConfiguration;
			buildSettings = {
				FRAMEWORK_SEARCH_PATHS = (
					"$(inherited)",
					"\"$(SRCROOT)\"",
				);
				GCC_PRECOMPILE_PREFIX_HEADER = YES;
				GCC_PREFIX_HEADER = "MaakCafeLeiden/MaakCafeLeiden-Prefix.pch";
				INFOPLIST_FILE = "MaakCafeLeiden/MaakCafeLeiden-Info.plist";
				IPHONEOS_DEPLOYMENT_TARGET = 5.1;
				PRODUCT_NAME = "$(TARGET_NAME)";
				WRAPPER_EXTENSION = app;
			};
			name = Release;
		};
/* End XCBuildConfiguration section */

/* Begin XCConfigurationList section */
		328C0112179D3F3900D72B3D /* Build configuration list for PBXProject "MaakCafeLeiden" */ = {
			isa = XCConfigurationList;
			buildConfigurations = (
				328C0141179D3F3A00D72B3D /* Debug */,
				328C0142179D3F3A00D72B3D /* Release */,
			);
			defaultConfigurationIsVisible = 0;
			defaultConfigurationName = Release;
		};
		328C0143179D3F3A00D72B3D /* Build configuration list for PBXNativeTarget "MaakCafeLeiden" */ = {
			isa = XCConfigurationList;
			buildConfigurations = (
				328C0144179D3F3A00D72B3D /* Debug */,
				328C0145179D3F3A00D72B3D /* Release */,
			);
			defaultConfigurationIsVisible = 0;
			defaultConfigurationName = Release;
		};
/* End XCConfigurationList section */
	};
	rootObject = 328C010F179D3F3900D72B3D /* Project object */;
}
